
Microsoft Visual Studio Solution File, Format Version 12.00
# Visual Studio Version 17
VisualStudioVersion = 17.3.32819.101
MinimumVisualStudioVersion = 10.0.40219.1
Project("{888888A0-9F3D-457C-B088-3A5042F75D52}") = "Wk2_Questions", "Wk2_Questions.pyproj", "{E38FC8F1-3F4A-4B1D-944E-DFCA43D822BC}"
EndProject
Global
	GlobalSection(SolutionConfigurationPlatforms) = preSolution
		Debug|Any CPU = Debug|Any CPU
		Release|Any CPU = Release|Any CPU
	EndGlobalSection
	GlobalSection(ProjectConfigurationPlatforms) = postSolution
		{E38FC8F1-3F4A-4B1D-944E-DFCA43D822BC}.Debug|Any CPU.ActiveCfg = Debug|Any CPU
		{E38FC8F1-3F4A-4B1D-944E-DFCA43D822BC}.Release|Any CPU.ActiveCfg = Release|Any CPU
	EndGlobalSection
	GlobalSection(SolutionProperties) = preSolution
		HideSolutionNode = FALSE
	EndGlobalSection
	GlobalSection(ExtensibilityGlobals) = postSolution
		SolutionGuid = {BFA8F143-5874-4991-A644-6FBBBB7A422E}
	EndGlobalSection
EndGlobal
